
Microsoft Visual Studio Solution File, Format Version 12.00
# Visual Studio 14
VisualStudioVersion = 14.0.23107.0
MinimumVisualStudioVersion = 10.0.40219.1
Project("{2150E333-8FDC-42A3-9474-1A3956D46DE8}") = "UWP", "UWP", "{24624496-2430-4110-BD18-6E4A4B32F192}"
EndProject
Project("{FAE04EC0-301F-11D3-BF4B-00C04F79EFBC}") = "DayBar.UWP", "DayBar.UWP\DayBar.UWP.csproj", "{137501EA-5D89-465B-8680-012785386966}"
EndProject
Project("{2150E333-8FDC-42A3-9474-1A3956D46DE8}") = "Portable", "Portable", "{9C38275E-4A89-46F9-8DCD-5B6278AD3AD7}"
EndProject
Project("{FAE04EC0-301F-11D3-BF4B-00C04F79EFBC}") = "Daybar.Core", "Daybar.Core\Daybar.Core.csproj", "{B45057E9-F8EA-430A-AA0D-492319DDA5D1}"
EndProject
Project("{FAE04EC0-301F-11D3-BF4B-00C04F79EFBC}") = "DayBar.Contract", "DayBar.Contract\DayBar.Contract.csproj", "{A41A2535-CE5F-48B3-B130-A7A0D3A58623}"
EndProject
Project("{FAE04EC0-301F-11D3-BF4B-00C04F79EFBC}") = "DayBar.Entity", "DayBar.Entity\DayBar.Entity.csproj", "{5CF307FF-BB33-4FB1-9553-047D12F51565}"
EndProject
Project("{FAE04EC0-301F-11D3-BF4B-00C04F79EFBC}") = "DayBar.UWP.Backgrounders", "DayBar.UWP.Backgrounders\DayBar.UWP.Backgrounders.csproj", "{03AED151-9490-42A9-A38A-97A19A8BE9F6}"
EndProject
Global
	GlobalSection(SolutionConfigurationPlatforms) = preSolution
		Debug|Any CPU = Debug|Any CPU
		Debug|ARM = Debug|ARM
		Debug|x64 = Debug|x64
		Debug|x86 = Debug|x86
		Release|Any CPU = Release|Any CPU
		Release|ARM = Release|ARM
		Release|x64 = Release|x64
		Release|x86 = Release|x86
	EndGlobalSection
	GlobalSection(ProjectConfigurationPlatforms) = postSolution
		{137501EA-5D89-465B-8680-012785386966}.Debug|Any CPU.ActiveCfg = Debug|x86
		{137501EA-5D89-465B-8680-012785386966}.Debug|ARM.ActiveCfg = Debug|ARM
		{137501EA-5D89-465B-8680-012785386966}.Debug|ARM.Build.0 = Debug|ARM
		{137501EA-5D89-465B-8680-012785386966}.Debug|ARM.Deploy.0 = Debug|ARM
		{137501EA-5D89-465B-8680-012785386966}.Debug|x64.ActiveCfg = Debug|x64
		{137501EA-5D89-465B-8680-012785386966}.Debug|x64.Build.0 = Debug|x64
		{137501EA-5D89-465B-8680-012785386966}.Debug|x64.Deploy.0 = Debug|x64
		{137501EA-5D89-465B-8680-012785386966}.Debug|x86.ActiveCfg = Debug|x86
		{137501EA-5D89-465B-8680-012785386966}.Debug|x86.Build.0 = Debug|x86
		{137501EA-5D89-465B-8680-012785386966}.Debug|x86.Deploy.0 = Debug|x86
		{137501EA-5D89-465B-8680-012785386966}.Release|Any CPU.ActiveCfg = Release|x86
		{137501EA-5D89-465B-8680-012785386966}.Release|ARM.ActiveCfg = Release|ARM
		{137501EA-5D89-465B-8680-012785386966}.Release|ARM.Build.0 = Release|ARM
		{137501EA-5D89-465B-8680-012785386966}.Release|ARM.Deploy.0 = Release|ARM
		{137501EA-5D89-465B-8680-012785386966}.Release|x64.ActiveCfg = Release|x64
		{137501EA-5D89-465B-8680-012785386966}.Release|x64.Build.0 = Release|x64
		{137501EA-5D89-465B-8680-012785386966}.Release|x64.Deploy.0 = Release|x64
		{137501EA-5D89-465B-8680-012785386966}.Release|x86.ActiveCfg = Release|x86
		{137501EA-5D89-465B-8680-012785386966}.Release|x86.Build.0 = Release|x86
		{137501EA-5D89-465B-8680-012785386966}.Release|x86.Deploy.0 = Release|x86
		{B45057E9-F8EA-430A-AA0D-492319DDA5D1}.Debug|Any CPU.ActiveCfg = Debug|Any CPU
		{B45057E9-F8EA-430A-AA0D-492319DDA5D1}.Debug|Any CPU.Build.0 = Debug|Any CPU
		{B45057E9-F8EA-430A-AA0D-492319DDA5D1}.Debug|ARM.ActiveCfg = Debug|Any CPU
		{B45057E9-F8EA-430A-AA0D-492319DDA5D1}.Debug|ARM.Build.0 = Debug|Any CPU
		{B45057E9-F8EA-430A-AA0D-492319DDA5D1}.Debug|x64.ActiveCfg = Debug|Any CPU
		{B45057E9-F8EA-430A-AA0D-492319DDA5D1}.Debug|x64.Build.0 = Debug|Any CPU
		{B45057E9-F8EA-430A-AA0D-492319DDA5D1}.Debug|x86.ActiveCfg = Debug|Any CPU
		{B45057E9-F8EA-430A-AA0D-492319DDA5D1}.Debug|x86.Build.0 = Debug|Any CPU
		{B45057E9-F8EA-430A-AA0D-492319DDA5D1}.Release|Any CPU.ActiveCfg = Release|Any CPU
		{B45057E9-F8EA-430A-AA0D-492319DDA5D1}.Release|Any CPU.Build.0 = Release|Any CPU
		{B45057E9-F8EA-430A-AA0D-492319DDA5D1}.Release|ARM.ActiveCfg = Release|Any CPU
		{B45057E9-F8EA-430A-AA0D-492319DDA5D1}.Release|ARM.Build.0 = Release|Any CPU
		{B45057E9-F8EA-430A-AA0D-492319DDA5D1}.Release|x64.ActiveCfg = Release|Any CPU
		{B45057E9-F8EA-430A-AA0D-492319DDA5D1}.Release|x64.Build.0 = Release|Any CPU
		{B45057E9-F8EA-430A-AA0D-492319DDA5D1}.Release|x86.ActiveCfg = Release|Any CPU
		{B45057E9-F8EA-430A-AA0D-492319DDA5D1}.Release|x86.Build.0 = Release|Any CPU
		{A41A2535-CE5F-48B3-B130-A7A0D3A58623}.Debug|Any CPU.ActiveCfg = Debug|Any CPU
		{A41A2535-CE5F-48B3-B130-A7A0D3A58623}.Debug|Any CPU.Build.0 = Debug|Any CPU
		{A41A2535-CE5F-48B3-B130-A7A0D3A58623}.Debug|ARM.ActiveCfg = Debug|Any CPU
		{A41A2535-CE5F-48B3-B130-A7A0D3A58623}.Debug|ARM.Build.0 = Debug|Any CPU
		{A41A2535-CE5F-48B3-B130-A7A0D3A58623}.Debug|x64.ActiveCfg = Debug|Any CPU
		{A41A2535-CE5F-48B3-B130-A7A0D3A58623}.Debug|x64.Build.0 = Debug|Any CPU
		{A41A2535-CE5F-48B3-B130-A7A0D3A58623}.Debug|x86.ActiveCfg = Debug|Any CPU
		{A41A2535-CE5F-48B3-B130-A7A0D3A58623}.Debug|x86.Build.0 = Debug|Any CPU
		{A41A2535-CE5F-48B3-B130-A7A0D3A58623}.Release|Any CPU.ActiveCfg = Release|Any CPU
		{A41A2535-CE5F-48B3-B130-A7A0D3A58623}.Release|Any CPU.Build.0 = Release|Any CPU
		{A41A2535-CE5F-48B3-B130-A7A0D3A58623}.Release|ARM.ActiveCfg = Release|Any CPU
		{A41A2535-CE5F-48B3-B130-A7A0D3A58623}.Release|ARM.Build.0 = Release|Any CPU
		{A41A2535-CE5F-48B3-B130-A7A0D3A58623}.Release|x64.ActiveCfg = Release|Any CPU
		{A41A2535-CE5F-48B3-B130-A7A0D3A58623}.Release|x64.Build.0 = Release|Any CPU
		{A41A2535-CE5F-48B3-B130-A7A0D3A58623}.Release|x86.ActiveCfg = Release|Any CPU
		{A41A2535-CE5F-48B3-B130-A7A0D3A58623}.Release|x86.Build.0 = Release|Any CPU
		{5CF307FF-BB33-4FB1-9553-047D12F51565}.Debug|Any CPU.ActiveCfg = Debug|Any CPU
		{5CF307FF-BB33-4FB1-9553-047D12F51565}.Debug|Any CPU.Build.0 = Debug|Any CPU
		{5CF307FF-BB33-4FB1-9553-047D12F51565}.Debug|ARM.ActiveCfg = Debug|Any CPU
		{5CF307FF-BB33-4FB1-9553-047D12F51565}.Debug|ARM.Build.0 = Debug|Any CPU
		{5CF307FF-BB33-4FB1-9553-047D12F51565}.Debug|x64.ActiveCfg = Debug|Any CPU
		{5CF307FF-BB33-4FB1-9553-047D12F51565}.Debug|x64.Build.0 = Debug|Any CPU
		{5CF307FF-BB33-4FB1-9553-047D12F51565}.Debug|x86.ActiveCfg = Debug|Any CPU
		{5CF307FF-BB33-4FB1-9553-047D12F51565}.Debug|x86.Build.0 = Debug|Any CPU
		{5CF307FF-BB33-4FB1-9553-047D12F51565}.Release|Any CPU.ActiveCfg = Release|Any CPU
		{5CF307FF-BB33-4FB1-9553-047D12F51565}.Release|Any CPU.Build.0 = Release|Any CPU
		{5CF307FF-BB33-4FB1-9553-047D12F51565}.Release|ARM.ActiveCfg = Release|Any CPU
		{5CF307FF-BB33-4FB1-9553-047D12F51565}.Release|ARM.Build.0 = Release|Any CPU
		{5CF307FF-BB33-4FB1-9553-047D12F51565}.Release|x64.ActiveCfg = Release|Any CPU
		{5CF307FF-BB33-4FB1-9553-047D12F51565}.Release|x64.Build.0 = Release|Any CPU
		{5CF307FF-BB33-4FB1-9553-047D12F51565}.Release|x86.ActiveCfg = Release|Any CPU
		{5CF307FF-BB33-4FB1-9553-047D12F51565}.Release|x86.Build.0 = Release|Any CPU
		{03AED151-9490-42A9-A38A-97A19A8BE9F6}.Debug|Any CPU.ActiveCfg = Debug|Any CPU
		{03AED151-9490-42A9-A38A-97A19A8BE9F6}.Debug|Any CPU.Build.0 = Debug|Any CPU
		{03AED151-9490-42A9-A38A-97A19A8BE9F6}.Debug|ARM.ActiveCfg = Debug|ARM
		{03AED151-9490-42A9-A38A-97A19A8BE9F6}.Debug|ARM.Build.0 = Debug|ARM
		{03AED151-9490-42A9-A38A-97A19A8BE9F6}.Debug|x64.ActiveCfg = Debug|x64
		{03AED151-9490-42A9-A38A-97A19A8BE9F6}.Debug|x64.Build.0 = Debug|x64
		{03AED151-9490-42A9-A38A-97A19A8BE9F6}.Debug|x86.ActiveCfg = Debug|x86
		{03AED151-9490-42A9-A38A-97A19A8BE9F6}.Debug|x86.Build.0 = Debug|x86
		{03AED151-9490-42A9-A38A-97A19A8BE9F6}.Release|Any CPU.ActiveCfg = Release|Any CPU
		{03AED151-9490-42A9-A38A-97A19A8BE9F6}.Release|Any CPU.Build.0 = Release|Any CPU
		{03AED151-9490-42A9-A38A-97A19A8BE9F6}.Release|ARM.ActiveCfg = Release|ARM
		{03AED151-9490-42A9-A38A-97A19A8BE9F6}.Release|ARM.Build.0 = Release|ARM
		{03AED151-9490-42A9-A38A-97A19A8BE9F6}.Release|x64.ActiveCfg = Release|x64
		{03AED151-9490-42A9-A38A-97A19A8BE9F6}.Release|x64.Build.0 = Release|x64
		{03AED151-9490-42A9-A38A-97A19A8BE9F6}.Release|x86.ActiveCfg = Release|x86
		{03AED151-9490-42A9-A38A-97A19A8BE9F6}.Release|x86.Build.0 = Release|x86
	EndGlobalSection
	GlobalSection(SolutionProperties) = preSolution
		HideSolutionNode = FALSE
	EndGlobalSection
	GlobalSection(NestedProjects) = preSolution
		{137501EA-5D89-465B-8680-012785386966} = {24624496-2430-4110-BD18-6E4A4B32F192}
		{B45057E9-F8EA-430A-AA0D-492319DDA5D1} = {9C38275E-4A89-46F9-8DCD-5B6278AD3AD7}
		{A41A2535-CE5F-48B3-B130-A7A0D3A58623} = {9C38275E-4A89-46F9-8DCD-5B6278AD3AD7}
		{5CF307FF-BB33-4FB1-9553-047D12F51565} = {9C38275E-4A89-46F9-8DCD-5B6278AD3AD7}
		{03AED151-9490-42A9-A38A-97A19A8BE9F6} = {24624496-2430-4110-BD18-6E4A4B32F192}
	EndGlobalSection
EndGlobal
