
Microsoft Visual Studio Solution File, Format Version 12.00
# Visual Studio 14
VisualStudioVersion = 14.0.25123.0
MinimumVisualStudioVersion = 10.0.40219.1
Project("{FAE04EC0-301F-11D3-BF4B-00C04F79EFBC}") = "DaybarWPF", "DaybarWPF\DaybarWPF.csproj", "{8C0FE685-C941-40FF-9DEB-09E30D46B4FA}"
EndProject
Project("{2150E333-8FDC-42A3-9474-1A3956D46DE8}") = "Portable", "Portable", "{B120EB3E-9623-4226-A3E0-0B09912FF27D}"
EndProject
Project("{FAE04EC0-301F-11D3-BF4B-00C04F79EFBC}") = "DayBar.Contract", "DayBar.Contract\DayBar.Contract.csproj", "{A41A2535-CE5F-48B3-B130-A7A0D3A58623}"
EndProject
Project("{FAE04EC0-301F-11D3-BF4B-00C04F79EFBC}") = "Daybar.Core", "Daybar.Core\Daybar.Core.csproj", "{B45057E9-F8EA-430A-AA0D-492319DDA5D1}"
EndProject
Project("{FAE04EC0-301F-11D3-BF4B-00C04F79EFBC}") = "DayBar.Entity", "DayBar.Entity\DayBar.Entity.csproj", "{5CF307FF-BB33-4FB1-9553-047D12F51565}"
EndProject
Project("{FAE04EC0-301F-11D3-BF4B-00C04F79EFBC}") = "DayBar.Net", "DayBar.Net\DayBar.Net.csproj", "{C94458AB-C40E-47C1-945C-A661ACA6C7C4}"
EndProject
Project("{FAE04EC0-301F-11D3-BF4B-00C04F79EFBC}") = "DayBar.Tests", "DayBar.Tests\DayBar.Tests.csproj", "{EEDF1C2E-1995-4790-8911-3C38146DD7B4}"
EndProject
Global
	GlobalSection(SolutionConfigurationPlatforms) = preSolution
		Debug|Any CPU = Debug|Any CPU
		Release|Any CPU = Release|Any CPU
	EndGlobalSection
	GlobalSection(ProjectConfigurationPlatforms) = postSolution
		{8C0FE685-C941-40FF-9DEB-09E30D46B4FA}.Debug|Any CPU.ActiveCfg = Debug|Any CPU
		{8C0FE685-C941-40FF-9DEB-09E30D46B4FA}.Debug|Any CPU.Build.0 = Debug|Any CPU
		{8C0FE685-C941-40FF-9DEB-09E30D46B4FA}.Release|Any CPU.ActiveCfg = Release|Any CPU
		{8C0FE685-C941-40FF-9DEB-09E30D46B4FA}.Release|Any CPU.Build.0 = Release|Any CPU
		{A41A2535-CE5F-48B3-B130-A7A0D3A58623}.Debug|Any CPU.ActiveCfg = Debug|Any CPU
		{A41A2535-CE5F-48B3-B130-A7A0D3A58623}.Debug|Any CPU.Build.0 = Debug|Any CPU
		{A41A2535-CE5F-48B3-B130-A7A0D3A58623}.Release|Any CPU.ActiveCfg = Release|Any CPU
		{A41A2535-CE5F-48B3-B130-A7A0D3A58623}.Release|Any CPU.Build.0 = Release|Any CPU
		{B45057E9-F8EA-430A-AA0D-492319DDA5D1}.Debug|Any CPU.ActiveCfg = Debug|Any CPU
		{B45057E9-F8EA-430A-AA0D-492319DDA5D1}.Debug|Any CPU.Build.0 = Debug|Any CPU
		{B45057E9-F8EA-430A-AA0D-492319DDA5D1}.Release|Any CPU.ActiveCfg = Release|Any CPU
		{B45057E9-F8EA-430A-AA0D-492319DDA5D1}.Release|Any CPU.Build.0 = Release|Any CPU
		{5CF307FF-BB33-4FB1-9553-047D12F51565}.Debug|Any CPU.ActiveCfg = Debug|Any CPU
		{5CF307FF-BB33-4FB1-9553-047D12F51565}.Debug|Any CPU.Build.0 = Debug|Any CPU
		{5CF307FF-BB33-4FB1-9553-047D12F51565}.Release|Any CPU.ActiveCfg = Release|Any CPU
		{5CF307FF-BB33-4FB1-9553-047D12F51565}.Release|Any CPU.Build.0 = Release|Any CPU
		{C94458AB-C40E-47C1-945C-A661ACA6C7C4}.Debug|Any CPU.ActiveCfg = Debug|Any CPU
		{C94458AB-C40E-47C1-945C-A661ACA6C7C4}.Debug|Any CPU.Build.0 = Debug|Any CPU
		{C94458AB-C40E-47C1-945C-A661ACA6C7C4}.Release|Any CPU.ActiveCfg = Release|Any CPU
		{C94458AB-C40E-47C1-945C-A661ACA6C7C4}.Release|Any CPU.Build.0 = Release|Any CPU
		{EEDF1C2E-1995-4790-8911-3C38146DD7B4}.Debug|Any CPU.ActiveCfg = Debug|Any CPU
		{EEDF1C2E-1995-4790-8911-3C38146DD7B4}.Debug|Any CPU.Build.0 = Debug|Any CPU
		{EEDF1C2E-1995-4790-8911-3C38146DD7B4}.Release|Any CPU.ActiveCfg = Release|Any CPU
		{EEDF1C2E-1995-4790-8911-3C38146DD7B4}.Release|Any CPU.Build.0 = Release|Any CPU
	EndGlobalSection
	GlobalSection(SolutionProperties) = preSolution
		HideSolutionNode = FALSE
	EndGlobalSection
	GlobalSection(NestedProjects) = preSolution
		{A41A2535-CE5F-48B3-B130-A7A0D3A58623} = {B120EB3E-9623-4226-A3E0-0B09912FF27D}
		{B45057E9-F8EA-430A-AA0D-492319DDA5D1} = {B120EB3E-9623-4226-A3E0-0B09912FF27D}
		{5CF307FF-BB33-4FB1-9553-047D12F51565} = {B120EB3E-9623-4226-A3E0-0B09912FF27D}
		{C94458AB-C40E-47C1-945C-A661ACA6C7C4} = {B120EB3E-9623-4226-A3E0-0B09912FF27D}
	EndGlobalSection
EndGlobal
